
Microsoft Visual Studio Solution File, Format Version 11.00
# Visual Studio 2010
Project("{FAE04EC0-301F-11D3-BF4B-00C04F79EFBC}") = "SplineTest1", "Assembly-CSharp.csproj", "{5C96541F-1EE8-8854-4149-3E3FFBA52582}"
EndProject
Project("{F88B6BAF-7D6E-2883-7888-B202E75B59B6}") = "SplineTest1", "Assembly-UnityScript.unityproj", "{26194C18-9B4E-CA07-285B-9D4E59DBADF1}"
EndProject
Project("{FAE04EC0-301F-11D3-BF4B-00C04F79EFBC}") = "SplineTest1", "Assembly-CSharp-firstpass.csproj", "{76D12E2C-CA3E-6EE0-B46E-6CFF74FC785E}"
EndProject
Project("{FAE04EC0-301F-11D3-BF4B-00C04F79EFBC}") = "SplineTest1", "Assembly-CSharp-Editor.csproj", "{190FAB09-09EA-4B3D-40FB-AD14902678B7}"
EndProject
Global
	GlobalSection(SolutionConfigurationPlatforms) = preSolution
		Debug|Any CPU = Debug|Any CPU
		Release|Any CPU = Release|Any CPU
	EndGlobalSection
	GlobalSection(ProjectConfigurationPlatforms) = postSolution
		{5C96541F-1EE8-8854-4149-3E3FFBA52582}.Debug|Any CPU.ActiveCfg = Debug|Any CPU
		{5C96541F-1EE8-8854-4149-3E3FFBA52582}.Debug|Any CPU.Build.0 = Debug|Any CPU
		{5C96541F-1EE8-8854-4149-3E3FFBA52582}.Release|Any CPU.ActiveCfg = Release|Any CPU
		{5C96541F-1EE8-8854-4149-3E3FFBA52582}.Release|Any CPU.Build.0 = Release|Any CPU
		{26194C18-9B4E-CA07-285B-9D4E59DBADF1}.Debug|Any CPU.ActiveCfg = Debug|Any CPU
		{26194C18-9B4E-CA07-285B-9D4E59DBADF1}.Debug|Any CPU.Build.0 = Debug|Any CPU
		{26194C18-9B4E-CA07-285B-9D4E59DBADF1}.Release|Any CPU.ActiveCfg = Release|Any CPU
		{26194C18-9B4E-CA07-285B-9D4E59DBADF1}.Release|Any CPU.Build.0 = Release|Any CPU
		{76D12E2C-CA3E-6EE0-B46E-6CFF74FC785E}.Debug|Any CPU.ActiveCfg = Debug|Any CPU
		{76D12E2C-CA3E-6EE0-B46E-6CFF74FC785E}.Debug|Any CPU.Build.0 = Debug|Any CPU
		{76D12E2C-CA3E-6EE0-B46E-6CFF74FC785E}.Release|Any CPU.ActiveCfg = Release|Any CPU
		{76D12E2C-CA3E-6EE0-B46E-6CFF74FC785E}.Release|Any CPU.Build.0 = Release|Any CPU
		{190FAB09-09EA-4B3D-40FB-AD14902678B7}.Debug|Any CPU.ActiveCfg = Debug|Any CPU
		{190FAB09-09EA-4B3D-40FB-AD14902678B7}.Debug|Any CPU.Build.0 = Debug|Any CPU
		{190FAB09-09EA-4B3D-40FB-AD14902678B7}.Release|Any CPU.ActiveCfg = Release|Any CPU
		{190FAB09-09EA-4B3D-40FB-AD14902678B7}.Release|Any CPU.Build.0 = Release|Any CPU
	EndGlobalSection
	GlobalSection(SolutionProperties) = preSolution
		HideSolutionNode = FALSE
	EndGlobalSection
	GlobalSection(MonoDevelopProperties) = preSolution
		StartupItem = Assembly-CSharp.csproj
	EndGlobalSection
EndGlobal
